
Microsoft Visual Studio Solution File, Format Version 12.00
# Visual Studio Version 17
VisualStudioVersion = 17.4.33205.214
MinimumVisualStudioVersion = 10.0.40219.1
Project("{FAE04EC0-301F-11D3-BF4B-00C04F79EFBC}") = "WebApplicationUploadForm", "WebApplicationUploadForm\WebApplicationUploadForm.csproj", "{5A77088B-8461-479D-972E-5A79D8200731}"
EndProject
Global
	GlobalSection(SolutionConfigurationPlatforms) = preSolution
		Debug|Any CPU = Debug|Any CPU
		Release|Any CPU = Release|Any CPU
	EndGlobalSection
	GlobalSection(ProjectConfigurationPlatforms) = postSolution
		{5A77088B-8461-479D-972E-5A79D8200731}.Debug|Any CPU.ActiveCfg = Debug|Any CPU
		{5A77088B-8461-479D-972E-5A79D8200731}.Debug|Any CPU.Build.0 = Debug|Any CPU
		{5A77088B-8461-479D-972E-5A79D8200731}.Release|Any CPU.ActiveCfg = Release|Any CPU
		{5A77088B-8461-479D-972E-5A79D8200731}.Release|Any CPU.Build.0 = Release|Any CPU
	EndGlobalSection
	GlobalSection(SolutionProperties) = preSolution
		HideSolutionNode = FALSE
	EndGlobalSection
	GlobalSection(ExtensibilityGlobals) = postSolution
		SolutionGuid = {FA52B8DE-5874-4F21-BE60-44ED8E7F1E9F}
	EndGlobalSection
EndGlobal
